
Microsoft Visual Studio Solution File, Format Version 12.00
# Visual Studio Version 17
VisualStudioVersion = 17.7.34024.191
MinimumVisualStudioVersion = 10.0.40219.1
Project("{F2A71F9B-5D33-465A-A702-920D77279786}") = "ClockifyConnect", "ClockifyConnect\ClockifyConnect.fsproj", "{9CE3835B-DAF0-4664-8F02-AFAFFE242353}"
EndProject
Global
	GlobalSection(SolutionConfigurationPlatforms) = preSolution
		Debug|Any CPU = Debug|Any CPU
		Release|Any CPU = Release|Any CPU
	EndGlobalSection
	GlobalSection(ProjectConfigurationPlatforms) = postSolution
		{9CE3835B-DAF0-4664-8F02-AFAFFE242353}.Debug|Any CPU.ActiveCfg = Debug|Any CPU
		{9CE3835B-DAF0-4664-8F02-AFAFFE242353}.Debug|Any CPU.Build.0 = Debug|Any CPU
		{9CE3835B-DAF0-4664-8F02-AFAFFE242353}.Release|Any CPU.ActiveCfg = Release|Any CPU
		{9CE3835B-DAF0-4664-8F02-AFAFFE242353}.Release|Any CPU.Build.0 = Release|Any CPU
	EndGlobalSection
	GlobalSection(SolutionProperties) = preSolution
		HideSolutionNode = FALSE
	EndGlobalSection
	GlobalSection(ExtensibilityGlobals) = postSolution
		SolutionGuid = {17CB5963-74A4-4002-B466-D8694ABD3DBC}
	EndGlobalSection
EndGlobal
